
Microsoft Visual Studio Solution File, Format Version 12.00
# Visual Studio Version 16
VisualStudioVersion = 16.0.29806.167
MinimumVisualStudioVersion = 10.0.40219.1
Project("{2150E333-8FDC-42A3-9474-1A3956D46DE8}") = "AzureFunction", "AzureFunction", "{8088A4D7-CA62-40BD-997B-200C17C84977}"
EndProject
Project("{2150E333-8FDC-42A3-9474-1A3956D46DE8}") = "Service", "Service", "{362C39ED-5364-4532-AAEC-CB3773F4E596}"
EndProject
Project("{2150E333-8FDC-42A3-9474-1A3956D46DE8}") = "Utilities", "Utilities", "{4094A50A-A0E9-4AB9-B6B3-0F9EA66D01A2}"
EndProject
Project("{9A19103F-16F7-4668-BE54-9A1E7A4F7556}") = "TenantStore.Model", "Service\TenantStore.Model\TenantStore.Model.csproj", "{A0A6A08D-77EC-45AF-B543-0D0F5B85E433}"
EndProject
Project("{9A19103F-16F7-4668-BE54-9A1E7A4F7556}") = "Extensions", "Utilities\Extensions\Extensions.csproj", "{3CBECC85-EC3F-4D3D-AB6C-7FF2A85E6546}"
EndProject
Project("{9A19103F-16F7-4668-BE54-9A1E7A4F7556}") = "TenantStore.Service.Contract", "Service\TenantStore.Service.Contract\TenantStore.Service.Contract.csproj", "{1709CD09-4906-412F-8997-6A9D4DBA0503}"
EndProject
Project("{9A19103F-16F7-4668-BE54-9A1E7A4F7556}") = "TenantStore.Service.CosmosDB", "Service\TenantStore.Service.CosmosDB\TenantStore.Service.CosmosDB.csproj", "{412BFB3B-107A-4873-962A-5F1EC2FB79B8}"
EndProject
Project("{9A19103F-16F7-4668-BE54-9A1E7A4F7556}") = "TenantStore.API", "AzureFunction\TenantStore.API\TenantStore.API.csproj", "{96BCE863-4C75-432D-ABE1-A9727C8D692F}"
EndProject
Global
	GlobalSection(SolutionConfigurationPlatforms) = preSolution
		Debug|Any CPU = Debug|Any CPU
		Release|Any CPU = Release|Any CPU
	EndGlobalSection
	GlobalSection(ProjectConfigurationPlatforms) = postSolution
		{A0A6A08D-77EC-45AF-B543-0D0F5B85E433}.Debug|Any CPU.ActiveCfg = Debug|Any CPU
		{A0A6A08D-77EC-45AF-B543-0D0F5B85E433}.Debug|Any CPU.Build.0 = Debug|Any CPU
		{A0A6A08D-77EC-45AF-B543-0D0F5B85E433}.Release|Any CPU.ActiveCfg = Release|Any CPU
		{A0A6A08D-77EC-45AF-B543-0D0F5B85E433}.Release|Any CPU.Build.0 = Release|Any CPU
		{3CBECC85-EC3F-4D3D-AB6C-7FF2A85E6546}.Debug|Any CPU.ActiveCfg = Debug|Any CPU
		{3CBECC85-EC3F-4D3D-AB6C-7FF2A85E6546}.Debug|Any CPU.Build.0 = Debug|Any CPU
		{3CBECC85-EC3F-4D3D-AB6C-7FF2A85E6546}.Release|Any CPU.ActiveCfg = Release|Any CPU
		{3CBECC85-EC3F-4D3D-AB6C-7FF2A85E6546}.Release|Any CPU.Build.0 = Release|Any CPU
		{1709CD09-4906-412F-8997-6A9D4DBA0503}.Debug|Any CPU.ActiveCfg = Debug|Any CPU
		{1709CD09-4906-412F-8997-6A9D4DBA0503}.Debug|Any CPU.Build.0 = Debug|Any CPU
		{1709CD09-4906-412F-8997-6A9D4DBA0503}.Release|Any CPU.ActiveCfg = Release|Any CPU
		{1709CD09-4906-412F-8997-6A9D4DBA0503}.Release|Any CPU.Build.0 = Release|Any CPU
		{412BFB3B-107A-4873-962A-5F1EC2FB79B8}.Debug|Any CPU.ActiveCfg = Debug|Any CPU
		{412BFB3B-107A-4873-962A-5F1EC2FB79B8}.Debug|Any CPU.Build.0 = Debug|Any CPU
		{412BFB3B-107A-4873-962A-5F1EC2FB79B8}.Release|Any CPU.ActiveCfg = Release|Any CPU
		{412BFB3B-107A-4873-962A-5F1EC2FB79B8}.Release|Any CPU.Build.0 = Release|Any CPU
		{96BCE863-4C75-432D-ABE1-A9727C8D692F}.Debug|Any CPU.ActiveCfg = Debug|Any CPU
		{96BCE863-4C75-432D-ABE1-A9727C8D692F}.Debug|Any CPU.Build.0 = Debug|Any CPU
		{96BCE863-4C75-432D-ABE1-A9727C8D692F}.Release|Any CPU.ActiveCfg = Release|Any CPU
		{96BCE863-4C75-432D-ABE1-A9727C8D692F}.Release|Any CPU.Build.0 = Release|Any CPU
	EndGlobalSection
	GlobalSection(SolutionProperties) = preSolution
		HideSolutionNode = FALSE
	EndGlobalSection
	GlobalSection(NestedProjects) = preSolution
		{A0A6A08D-77EC-45AF-B543-0D0F5B85E433} = {362C39ED-5364-4532-AAEC-CB3773F4E596}
		{3CBECC85-EC3F-4D3D-AB6C-7FF2A85E6546} = {4094A50A-A0E9-4AB9-B6B3-0F9EA66D01A2}
		{1709CD09-4906-412F-8997-6A9D4DBA0503} = {362C39ED-5364-4532-AAEC-CB3773F4E596}
		{412BFB3B-107A-4873-962A-5F1EC2FB79B8} = {362C39ED-5364-4532-AAEC-CB3773F4E596}
		{96BCE863-4C75-432D-ABE1-A9727C8D692F} = {8088A4D7-CA62-40BD-997B-200C17C84977}
	EndGlobalSection
	GlobalSection(ExtensibilityGlobals) = postSolution
		SolutionGuid = {85D45ECA-B368-4679-B8E0-DC6285FE7B01}
	EndGlobalSection
EndGlobal
